
Microsoft Visual Studio Solution File, Format Version 12.00
# Visual Studio Version 16
VisualStudioVersion = 16.0.30011.22
MinimumVisualStudioVersion = 10.0.40219.1
Project("{9A19103F-16F7-4668-BE54-9A1E7A4F7556}") = "Commandr", "src\Commandr\Commandr.csproj", "{357DDBA2-8C5C-4832-82E3-20A4175AE0BE}"
EndProject
Project("{9A19103F-16F7-4668-BE54-9A1E7A4F7556}") = "Commandr.Samples.Jasper", "samples\Commandr.Samples.Jasper\Commandr.Samples.Jasper.csproj", "{1B14D962-69C2-4CBF-9A72-99DA5C7EA034}"
EndProject
Project("{2150E333-8FDC-42A3-9474-1A3956D46DE8}") = "samples", "samples", "{2A89AEAF-A5BD-4870-961F-71AFFA2984F4}"
EndProject
Project("{FAE04EC0-301F-11D3-BF4B-00C04F79EFBC}") = "Commandr.Samples.Mediatr", "samples\Commandr.Samples.Mediatr\Commandr.Samples.Mediatr.csproj", "{F20D64F0-62A6-4C83-A9B0-BC25BDF8E838}"
EndProject
Global
	GlobalSection(SolutionConfigurationPlatforms) = preSolution
		Debug|Any CPU = Debug|Any CPU
		Release|Any CPU = Release|Any CPU
	EndGlobalSection
	GlobalSection(ProjectConfigurationPlatforms) = postSolution
		{357DDBA2-8C5C-4832-82E3-20A4175AE0BE}.Debug|Any CPU.ActiveCfg = Debug|Any CPU
		{357DDBA2-8C5C-4832-82E3-20A4175AE0BE}.Debug|Any CPU.Build.0 = Debug|Any CPU
		{357DDBA2-8C5C-4832-82E3-20A4175AE0BE}.Release|Any CPU.ActiveCfg = Release|Any CPU
		{357DDBA2-8C5C-4832-82E3-20A4175AE0BE}.Release|Any CPU.Build.0 = Release|Any CPU
		{1B14D962-69C2-4CBF-9A72-99DA5C7EA034}.Debug|Any CPU.ActiveCfg = Debug|Any CPU
		{1B14D962-69C2-4CBF-9A72-99DA5C7EA034}.Debug|Any CPU.Build.0 = Debug|Any CPU
		{1B14D962-69C2-4CBF-9A72-99DA5C7EA034}.Release|Any CPU.ActiveCfg = Release|Any CPU
		{1B14D962-69C2-4CBF-9A72-99DA5C7EA034}.Release|Any CPU.Build.0 = Release|Any CPU
		{F20D64F0-62A6-4C83-A9B0-BC25BDF8E838}.Debug|Any CPU.ActiveCfg = Debug|Any CPU
		{F20D64F0-62A6-4C83-A9B0-BC25BDF8E838}.Debug|Any CPU.Build.0 = Debug|Any CPU
		{F20D64F0-62A6-4C83-A9B0-BC25BDF8E838}.Release|Any CPU.ActiveCfg = Release|Any CPU
		{F20D64F0-62A6-4C83-A9B0-BC25BDF8E838}.Release|Any CPU.Build.0 = Release|Any CPU
	EndGlobalSection
	GlobalSection(SolutionProperties) = preSolution
		HideSolutionNode = FALSE
	EndGlobalSection
	GlobalSection(NestedProjects) = preSolution
		{1B14D962-69C2-4CBF-9A72-99DA5C7EA034} = {2A89AEAF-A5BD-4870-961F-71AFFA2984F4}
		{F20D64F0-62A6-4C83-A9B0-BC25BDF8E838} = {2A89AEAF-A5BD-4870-961F-71AFFA2984F4}
	EndGlobalSection
	GlobalSection(ExtensibilityGlobals) = postSolution
		SolutionGuid = {31701789-7929-4050-AD76-3F4595586EE3}
	EndGlobalSection
EndGlobal
